
Microsoft Visual Studio Solution File, Format Version 12.00
# Visual Studio Version 17
VisualStudioVersion = 17.7.34221.43
MinimumVisualStudioVersion = 10.0.40219.1
Project("{9A19103F-16F7-4668-BE54-9A1E7A4F7556}") = "Ex034", "Ex034\Ex034.csproj", "{BA303D28-A922-4930-9EDF-D9B878286816}"
EndProject
Project("{FAE04EC0-301F-11D3-BF4B-00C04F79EFBC}") = "TP5-OOP-HERITAGE", "TP5-OOP-HERITAGE\TP5-OOP-HERITAGE.csproj", "{1EB9BBF5-73C2-4905-A368-C8C0459119DD}"
EndProject
Global
	GlobalSection(SolutionConfigurationPlatforms) = preSolution
		Debug|Any CPU = Debug|Any CPU
		Release|Any CPU = Release|Any CPU
	EndGlobalSection
	GlobalSection(ProjectConfigurationPlatforms) = postSolution
		{BA303D28-A922-4930-9EDF-D9B878286816}.Debug|Any CPU.ActiveCfg = Debug|Any CPU
		{BA303D28-A922-4930-9EDF-D9B878286816}.Debug|Any CPU.Build.0 = Debug|Any CPU
		{BA303D28-A922-4930-9EDF-D9B878286816}.Release|Any CPU.ActiveCfg = Release|Any CPU
		{BA303D28-A922-4930-9EDF-D9B878286816}.Release|Any CPU.Build.0 = Release|Any CPU
		{1EB9BBF5-73C2-4905-A368-C8C0459119DD}.Debug|Any CPU.ActiveCfg = Debug|Any CPU
		{1EB9BBF5-73C2-4905-A368-C8C0459119DD}.Debug|Any CPU.Build.0 = Debug|Any CPU
		{1EB9BBF5-73C2-4905-A368-C8C0459119DD}.Release|Any CPU.ActiveCfg = Release|Any CPU
		{1EB9BBF5-73C2-4905-A368-C8C0459119DD}.Release|Any CPU.Build.0 = Release|Any CPU
	EndGlobalSection
	GlobalSection(SolutionProperties) = preSolution
		HideSolutionNode = FALSE
	EndGlobalSection
	GlobalSection(ExtensibilityGlobals) = postSolution
		SolutionGuid = {AD455EFD-903A-4B73-9A9C-1C5BBD12D4DD}
	EndGlobalSection
EndGlobal
