
Microsoft Visual Studio Solution File, Format Version 12.00
# Visual Studio Version 17
VisualStudioVersion = 17.7.34018.315
MinimumVisualStudioVersion = 10.0.40219.1
Project("{FAE04EC0-301F-11D3-BF4B-00C04F79EFBC}") = "FirstApp", "FirstApp\FirstApp.csproj", "{4401569E-21C2-4A38-8EF2-6EB096DBD728}"
EndProject
Global
	GlobalSection(SolutionConfigurationPlatforms) = preSolution
		Debug|Any CPU = Debug|Any CPU
		Release|Any CPU = Release|Any CPU
	EndGlobalSection
	GlobalSection(ProjectConfigurationPlatforms) = postSolution
		{4401569E-21C2-4A38-8EF2-6EB096DBD728}.Debug|Any CPU.ActiveCfg = Debug|Any CPU
		{4401569E-21C2-4A38-8EF2-6EB096DBD728}.Debug|Any CPU.Build.0 = Debug|Any CPU
		{4401569E-21C2-4A38-8EF2-6EB096DBD728}.Release|Any CPU.ActiveCfg = Release|Any CPU
		{4401569E-21C2-4A38-8EF2-6EB096DBD728}.Release|Any CPU.Build.0 = Release|Any CPU
	EndGlobalSection
	GlobalSection(SolutionProperties) = preSolution
		HideSolutionNode = FALSE
	EndGlobalSection
	GlobalSection(ExtensibilityGlobals) = postSolution
		SolutionGuid = {A36A30E9-0882-4EA9-A109-2E44523B59D0}
	EndGlobalSection
EndGlobal
